
Microsoft Visual Studio Solution File, Format Version 12.00
# Visual Studio Version 16
VisualStudioVersion = 16.0.30907.101
MinimumVisualStudioVersion = 10.0.40219.1
Project("{9A19103F-16F7-4668-BE54-9A1E7A4F7556}") = "Example1", "Example1.csproj", "{A445CA6D-8C7A-4E46-9133-2B94BDE0F8D0}"
EndProject
Project("{9A19103F-16F7-4668-BE54-9A1E7A4F7556}") = "Example2", "..\Example2\Example2.csproj", "{B19A4C0A-02B0-4FEC-A0A9-7D6ADF54F604}"
EndProject
Project("{FAE04EC0-301F-11D3-BF4B-00C04F79EFBC}") = "Example3", "..\Example3\Example3.csproj", "{27A7A152-1D60-467B-8EEC-BE13A7DAD8C5}"
EndProject
Global
	GlobalSection(SolutionConfigurationPlatforms) = preSolution
		Debug|Any CPU = Debug|Any CPU
		Release|Any CPU = Release|Any CPU
	EndGlobalSection
	GlobalSection(ProjectConfigurationPlatforms) = postSolution
		{A445CA6D-8C7A-4E46-9133-2B94BDE0F8D0}.Debug|Any CPU.ActiveCfg = Debug|Any CPU
		{A445CA6D-8C7A-4E46-9133-2B94BDE0F8D0}.Debug|Any CPU.Build.0 = Debug|Any CPU
		{A445CA6D-8C7A-4E46-9133-2B94BDE0F8D0}.Release|Any CPU.ActiveCfg = Release|Any CPU
		{A445CA6D-8C7A-4E46-9133-2B94BDE0F8D0}.Release|Any CPU.Build.0 = Release|Any CPU
		{B19A4C0A-02B0-4FEC-A0A9-7D6ADF54F604}.Debug|Any CPU.ActiveCfg = Debug|Any CPU
		{B19A4C0A-02B0-4FEC-A0A9-7D6ADF54F604}.Debug|Any CPU.Build.0 = Debug|Any CPU
		{B19A4C0A-02B0-4FEC-A0A9-7D6ADF54F604}.Release|Any CPU.ActiveCfg = Release|Any CPU
		{B19A4C0A-02B0-4FEC-A0A9-7D6ADF54F604}.Release|Any CPU.Build.0 = Release|Any CPU
		{27A7A152-1D60-467B-8EEC-BE13A7DAD8C5}.Debug|Any CPU.ActiveCfg = Debug|Any CPU
		{27A7A152-1D60-467B-8EEC-BE13A7DAD8C5}.Debug|Any CPU.Build.0 = Debug|Any CPU
		{27A7A152-1D60-467B-8EEC-BE13A7DAD8C5}.Release|Any CPU.ActiveCfg = Release|Any CPU
		{27A7A152-1D60-467B-8EEC-BE13A7DAD8C5}.Release|Any CPU.Build.0 = Release|Any CPU
	EndGlobalSection
	GlobalSection(SolutionProperties) = preSolution
		HideSolutionNode = FALSE
	EndGlobalSection
	GlobalSection(ExtensibilityGlobals) = postSolution
		SolutionGuid = {EE651689-CFF1-4B6B-B427-B07386C5FD7B}
	EndGlobalSection
EndGlobal
