
Microsoft Visual Studio Solution File, Format Version 12.00
# Visual Studio Version 16
VisualStudioVersion = 16.0.30907.101
MinimumVisualStudioVersion = 10.0.40219.1
Project("{FAE04EC0-301F-11D3-BF4B-00C04F79EFBC}") = "FileManager", "FileManager.csproj", "{1A43FE5D-389F-46BC-8F25-FA4331A204A5}"
EndProject
Global
	GlobalSection(SolutionConfigurationPlatforms) = preSolution
		Debug|Any CPU = Debug|Any CPU
		Release|Any CPU = Release|Any CPU
	EndGlobalSection
	GlobalSection(ProjectConfigurationPlatforms) = postSolution
		{1A43FE5D-389F-46BC-8F25-FA4331A204A5}.Debug|Any CPU.ActiveCfg = Debug|Any CPU
		{1A43FE5D-389F-46BC-8F25-FA4331A204A5}.Debug|Any CPU.Build.0 = Debug|Any CPU
		{1A43FE5D-389F-46BC-8F25-FA4331A204A5}.Release|Any CPU.ActiveCfg = Release|Any CPU
		{1A43FE5D-389F-46BC-8F25-FA4331A204A5}.Release|Any CPU.Build.0 = Release|Any CPU
	EndGlobalSection
	GlobalSection(SolutionProperties) = preSolution
		HideSolutionNode = FALSE
	EndGlobalSection
	GlobalSection(ExtensibilityGlobals) = postSolution
		SolutionGuid = {6407D89F-2D9A-458E-A058-3B733CE397DF}
	EndGlobalSection
EndGlobal
